<?xml version="1.0" encoding="utf-8"?>
<Project ToolsVersion="4.0" xmlns="http://schemas.microsoft.com/developer/msbuild/2003">
  <ItemGroup>
    <ClInclude Include="FileEnumerator.h" />
    <ClInclude Include="TypeDefines.h" />
    <ClInclude Include="FileRepo.h" />
    <ClInclude Include="stdafx.h" />
    <ClInclude Include="targetver.h" />
    <ClInclude Include="QuickIndex.h" />
    <ClInclude Include="QuickIndexImpl.h" />
    <ClInclude Include="MappedFile.h" />
    <ClInclude Include="Utilities.h" />
    <ClInclude Include="File.h" />
    <ClInclude Include="ObjectDb.h" />
    <ClInclude Include="ObjectId.h" />
    <ClInclude Include="ObjectStreamImpl.h" />
    <ClInclude Include="FileBuffer.h" />
    <ClInclude Include="FastHash.h" />
    <ClInclude Include="Sha1Hash.h" />
    <ClInclude Include="sha1.h" />
    <ClInclude Include="FileUtil.h" />
    <ClInclude Include="Version.h" />
    <ClInclude Include="ErrorCode.h" />
    <ClInclude Include="FileReadBuffer.h" />
    <ClInclude Include="ObjectType.h" />
    <ClInclude Include="FileRepoImpl.h" />
    <ClInclude Include="FileEnumeratorImpl.h" />
    <ClInclude Include="RepoPath.h" />
  </ItemGroup>
  <ItemGroup>
    <ClCompile Include="QuickIndex.cpp" />
    <ClCompile Include="QuickIndexImpl.cpp" />
    <ClCompile Include="MappedFile.cpp" />
    <ClCompile Include="FileEnumerator.cpp" />
    <ClCompile Include="Utilities.cpp" />
    <ClCompile Include="File.cpp" />
    <ClCompile Include="ObjectDb.cpp" />
    <ClCompile Include="ObjectId.cpp" />
    <ClCompile Include="ObjectStreamImpl.cpp" />
    <ClCompile Include="FileBuffer.cpp" />
    <ClCompile Include="FastHash.cpp" />
    <ClCompile Include="Sha1Hash.cpp" />
    <ClCompile Include="FileUtil.cpp" />
    <ClCompile Include="Version.cpp" />
    <ClCompile Include="sha1.cpp" />
    <ClCompile Include="FileReadBuffer.cpp" />
    <ClCompile Include="ObjectType.cpp" />
    <ClCompile Include="FileRepoImpl.cpp" />
    <ClCompile Include="FileEnumeratorImpl.cpp" />
    <ClCompile Include="RepoPath.cpp" />
    <ClCompile Include="FileRepo.cpp" />
  </ItemGroup>
  <ItemGroup>
    <None Include="ReadMe" />
  </ItemGroup>
</Project>